
Microsoft Visual Studio Solution File, Format Version 12.00
# Visual Studio Version 17
VisualStudioVersion = 17.2.32526.322
MinimumVisualStudioVersion = 10.0.40219.1
Project("{FAE04EC0-301F-11D3-BF4B-00C04F79EFBC}") = "PilotsDeck_FNX2PLD", "PilotsDeck_FNX2PLD\PilotsDeck_FNX2PLD.csproj", "{7C52FCDC-2E51-4615-A2A2-49AFA487A7EC}"
EndProject
Global
	GlobalSection(SolutionConfigurationPlatforms) = preSolution
		Debug|Any CPU = Debug|Any CPU
		Release|Any CPU = Release|Any CPU
	EndGlobalSection
	GlobalSection(ProjectConfigurationPlatforms) = postSolution
		{7C52FCDC-2E51-4615-A2A2-49AFA487A7EC}.Debug|Any CPU.ActiveCfg = Debug|Any CPU
		{7C52FCDC-2E51-4615-A2A2-49AFA487A7EC}.Debug|Any CPU.Build.0 = Debug|Any CPU
		{7C52FCDC-2E51-4615-A2A2-49AFA487A7EC}.Release|Any CPU.ActiveCfg = Release|Any CPU
		{7C52FCDC-2E51-4615-A2A2-49AFA487A7EC}.Release|Any CPU.Build.0 = Release|Any CPU
	EndGlobalSection
	GlobalSection(SolutionProperties) = preSolution
		HideSolutionNode = FALSE
	EndGlobalSection
	GlobalSection(ExtensibilityGlobals) = postSolution
		SolutionGuid = {BE60710D-0D4B-470F-A362-B7FDFF0DF790}
	EndGlobalSection
EndGlobal
